
Microsoft Visual Studio Solution File, Format Version 12.00
Project("{FAE04EC0-301F-11D3-BF4B-00C04F79EFBC}") = "Assignment_7.3.1", "Assignment_7.3.1.csproj", "{D704EB81-3D86-48E1-9EEA-BCB9289993B0}"
EndProject
Global
	GlobalSection(SolutionConfigurationPlatforms) = preSolution
		Debug|Any CPU = Debug|Any CPU
		Release|Any CPU = Release|Any CPU
	EndGlobalSection
	GlobalSection(ProjectConfigurationPlatforms) = postSolution
		{D704EB81-3D86-48E1-9EEA-BCB9289993B0}.Debug|Any CPU.ActiveCfg = Debug|Any CPU
		{D704EB81-3D86-48E1-9EEA-BCB9289993B0}.Debug|Any CPU.Build.0 = Debug|Any CPU
		{D704EB81-3D86-48E1-9EEA-BCB9289993B0}.Release|Any CPU.ActiveCfg = Release|Any CPU
		{D704EB81-3D86-48E1-9EEA-BCB9289993B0}.Release|Any CPU.Build.0 = Release|Any CPU
	EndGlobalSection
EndGlobal
